
Microsoft Visual Studio Solution File, Format Version 12.00
# Visual Studio Version 17
VisualStudioVersion = 17.0.31903.59
MinimumVisualStudioVersion = 10.0.40219.1
Project("{2150E333-8FDC-42A3-9474-1A3956D46DE8}") = "src", "src", "{1454B8CC-AB6A-44CD-B9FC-9DF9BF4C729F}"
EndProject
Project("{FAE04EC0-301F-11D3-BF4B-00C04F79EFBC}") = "CodeDesignPlus.Net.EventStore.PubSub.Sample", "src\CodeDesignPlus.Net.EventStore.PubSub.Sample\CodeDesignPlus.Net.EventStore.PubSub.Sample.csproj", "{C17FE8A3-459C-4EAA-88ED-C22EEDD90615}"
EndProject
Global
	GlobalSection(SolutionConfigurationPlatforms) = preSolution
		Debug|Any CPU = Debug|Any CPU
		Release|Any CPU = Release|Any CPU
	EndGlobalSection
	GlobalSection(ProjectConfigurationPlatforms) = postSolution
		{C17FE8A3-459C-4EAA-88ED-C22EEDD90615}.Debug|Any CPU.ActiveCfg = Debug|Any CPU
		{C17FE8A3-459C-4EAA-88ED-C22EEDD90615}.Debug|Any CPU.Build.0 = Debug|Any CPU
		{C17FE8A3-459C-4EAA-88ED-C22EEDD90615}.Release|Any CPU.ActiveCfg = Release|Any CPU
		{C17FE8A3-459C-4EAA-88ED-C22EEDD90615}.Release|Any CPU.Build.0 = Release|Any CPU
	EndGlobalSection
	GlobalSection(SolutionProperties) = preSolution
		HideSolutionNode = FALSE
	EndGlobalSection
	GlobalSection(NestedProjects) = preSolution
		{C17FE8A3-459C-4EAA-88ED-C22EEDD90615} = {1454B8CC-AB6A-44CD-B9FC-9DF9BF4C729F}
	EndGlobalSection
EndGlobal
