
Microsoft Visual Studio Solution File, Format Version 12.00
# Visual Studio Version 17
VisualStudioVersion = 17.0.31903.59
MinimumVisualStudioVersion = 10.0.40219.1
Project("{2150E333-8FDC-42A3-9474-1A3956D46DE8}") = "src", "src", "{C82E2035-CDF8-48AD-8C57-9FDC83E4129A}"
EndProject
Project("{9A19103F-16F7-4668-BE54-9A1E7A4F7556}") = "CodeDesignPlus.Net.Exceptions.Sample", "src\CodeDesignPlus.Net.Exceptions.Sample\CodeDesignPlus.Net.Exceptions.Sample.csproj", "{846089E2-3816-48B2-9FCE-2F9AEBB3DDE3}"
EndProject
Global
	GlobalSection(SolutionConfigurationPlatforms) = preSolution
		Debug|Any CPU = Debug|Any CPU
		Release|Any CPU = Release|Any CPU
	EndGlobalSection
	GlobalSection(ProjectConfigurationPlatforms) = postSolution
		{846089E2-3816-48B2-9FCE-2F9AEBB3DDE3}.Debug|Any CPU.ActiveCfg = Debug|Any CPU
		{846089E2-3816-48B2-9FCE-2F9AEBB3DDE3}.Debug|Any CPU.Build.0 = Debug|Any CPU
		{846089E2-3816-48B2-9FCE-2F9AEBB3DDE3}.Release|Any CPU.ActiveCfg = Release|Any CPU
		{846089E2-3816-48B2-9FCE-2F9AEBB3DDE3}.Release|Any CPU.Build.0 = Release|Any CPU
	EndGlobalSection
	GlobalSection(SolutionProperties) = preSolution
		HideSolutionNode = FALSE
	EndGlobalSection
	GlobalSection(NestedProjects) = preSolution
		{846089E2-3816-48B2-9FCE-2F9AEBB3DDE3} = {C82E2035-CDF8-48AD-8C57-9FDC83E4129A}
	EndGlobalSection
EndGlobal
