
Microsoft Visual Studio Solution File, Format Version 12.00
# Visual Studio Version 17
VisualStudioVersion = 17.0.31903.59
MinimumVisualStudioVersion = 10.0.40219.1
Project("{2150E333-8FDC-42A3-9474-1A3956D46DE8}") = "src", "src", "{90112895-D75F-41C8-963E-F3CDB591AD9E}"
EndProject
Project("{FAE04EC0-301F-11D3-BF4B-00C04F79EFBC}") = "CodeDesignPlus.Net.EFCore.Sample.OperationBase", "src\CodeDesignPlus.Net.EFCore.Sample.OperationBase\CodeDesignPlus.Net.EFCore.Sample.OperationBase.csproj", "{BE03783C-918B-48D8-9E0C-A1F2E640A69B}"
EndProject
Project("{FAE04EC0-301F-11D3-BF4B-00C04F79EFBC}") = "CodeDesignPlus.Net.EFCore.Sample.RepositoryBase", "src\CodeDesignPlus.Net.EFCore.Sample.RepositoryBase\CodeDesignPlus.Net.EFCore.Sample.RepositoryBase.csproj", "{73C4F834-8B4A-4D93-A182-C42A2A71053C}"
EndProject
Global
	GlobalSection(SolutionConfigurationPlatforms) = preSolution
		Debug|Any CPU = Debug|Any CPU
		Release|Any CPU = Release|Any CPU
	EndGlobalSection
	GlobalSection(ProjectConfigurationPlatforms) = postSolution
		{BE03783C-918B-48D8-9E0C-A1F2E640A69B}.Debug|Any CPU.ActiveCfg = Debug|Any CPU
		{BE03783C-918B-48D8-9E0C-A1F2E640A69B}.Debug|Any CPU.Build.0 = Debug|Any CPU
		{BE03783C-918B-48D8-9E0C-A1F2E640A69B}.Release|Any CPU.ActiveCfg = Release|Any CPU
		{BE03783C-918B-48D8-9E0C-A1F2E640A69B}.Release|Any CPU.Build.0 = Release|Any CPU
		{73C4F834-8B4A-4D93-A182-C42A2A71053C}.Debug|Any CPU.ActiveCfg = Debug|Any CPU
		{73C4F834-8B4A-4D93-A182-C42A2A71053C}.Debug|Any CPU.Build.0 = Debug|Any CPU
		{73C4F834-8B4A-4D93-A182-C42A2A71053C}.Release|Any CPU.ActiveCfg = Release|Any CPU
		{73C4F834-8B4A-4D93-A182-C42A2A71053C}.Release|Any CPU.Build.0 = Release|Any CPU
	EndGlobalSection
	GlobalSection(SolutionProperties) = preSolution
		HideSolutionNode = FALSE
	EndGlobalSection
	GlobalSection(NestedProjects) = preSolution
		{BE03783C-918B-48D8-9E0C-A1F2E640A69B} = {90112895-D75F-41C8-963E-F3CDB591AD9E}
		{73C4F834-8B4A-4D93-A182-C42A2A71053C} = {90112895-D75F-41C8-963E-F3CDB591AD9E}
	EndGlobalSection
EndGlobal
