
Microsoft Visual Studio Solution File, Format Version 12.00
# Visual Studio Version 17
VisualStudioVersion = 17.0.31903.59
MinimumVisualStudioVersion = 10.0.40219.1
Project("{2150E333-8FDC-42A3-9474-1A3956D46DE8}") = "src", "src", "{F47D7539-A1F0-45E7-9EA1-858EADC4BA18}"
EndProject
Project("{FAE04EC0-301F-11D3-BF4B-00C04F79EFBC}") = "CodeDesignPlus.Net.File.Storage.Sample", "src\CodeDesignPlus.Net.File.Storage.Sample.csproj", "{A44BEA61-6A53-4EA1-8A99-752AFC02A4EC}"
EndProject
Global
	GlobalSection(SolutionConfigurationPlatforms) = preSolution
		Debug|Any CPU = Debug|Any CPU
		Release|Any CPU = Release|Any CPU
	EndGlobalSection
	GlobalSection(ProjectConfigurationPlatforms) = postSolution
		{A44BEA61-6A53-4EA1-8A99-752AFC02A4EC}.Debug|Any CPU.ActiveCfg = Debug|Any CPU
		{A44BEA61-6A53-4EA1-8A99-752AFC02A4EC}.Debug|Any CPU.Build.0 = Debug|Any CPU
		{A44BEA61-6A53-4EA1-8A99-752AFC02A4EC}.Release|Any CPU.ActiveCfg = Release|Any CPU
		{A44BEA61-6A53-4EA1-8A99-752AFC02A4EC}.Release|Any CPU.Build.0 = Release|Any CPU
	EndGlobalSection
	GlobalSection(SolutionProperties) = preSolution
		HideSolutionNode = FALSE
	EndGlobalSection
	GlobalSection(NestedProjects) = preSolution
		{A44BEA61-6A53-4EA1-8A99-752AFC02A4EC} = {F47D7539-A1F0-45E7-9EA1-858EADC4BA18}
	EndGlobalSection
EndGlobal
