
Microsoft Visual Studio Solution File, Format Version 12.00
# Visual Studio Version 17
VisualStudioVersion = 17.0.31903.59
MinimumVisualStudioVersion = 10.0.40219.1
Project("{2150E333-8FDC-42A3-9474-1A3956D46DE8}") = "src", "src", "{F8C09E60-886A-490E-B370-0E1A59A7E59B}"
EndProject
Project("{FAE04EC0-301F-11D3-BF4B-00C04F79EFBC}") = "CodeDesignPlus.Net.Generator.Application", "src\CodeDesignPlus.Net.Generator.Application\CodeDesignPlus.Net.Generator.Application.csproj", "{1B754BF6-7B7F-4215-BF72-E1037C6B09ED}"
EndProject
Project("{FAE04EC0-301F-11D3-BF4B-00C04F79EFBC}") = "CodeDesignPlus.Net.Generator.Sample", "src\CodeDesignPlus.Net.Generator.Sample\CodeDesignPlus.Net.Generator.Sample.csproj", "{2B891663-328E-4918-9892-94F7E3C77A8B}"
EndProject
Global
	GlobalSection(SolutionConfigurationPlatforms) = preSolution
		Debug|Any CPU = Debug|Any CPU
		Release|Any CPU = Release|Any CPU
	EndGlobalSection
	GlobalSection(ProjectConfigurationPlatforms) = postSolution
		{1B754BF6-7B7F-4215-BF72-E1037C6B09ED}.Debug|Any CPU.ActiveCfg = Debug|Any CPU
		{1B754BF6-7B7F-4215-BF72-E1037C6B09ED}.Debug|Any CPU.Build.0 = Debug|Any CPU
		{1B754BF6-7B7F-4215-BF72-E1037C6B09ED}.Release|Any CPU.ActiveCfg = Release|Any CPU
		{1B754BF6-7B7F-4215-BF72-E1037C6B09ED}.Release|Any CPU.Build.0 = Release|Any CPU
		{2B891663-328E-4918-9892-94F7E3C77A8B}.Debug|Any CPU.ActiveCfg = Debug|Any CPU
		{2B891663-328E-4918-9892-94F7E3C77A8B}.Debug|Any CPU.Build.0 = Debug|Any CPU
		{2B891663-328E-4918-9892-94F7E3C77A8B}.Release|Any CPU.ActiveCfg = Release|Any CPU
		{2B891663-328E-4918-9892-94F7E3C77A8B}.Release|Any CPU.Build.0 = Release|Any CPU
	EndGlobalSection
	GlobalSection(SolutionProperties) = preSolution
		HideSolutionNode = FALSE
	EndGlobalSection
	GlobalSection(NestedProjects) = preSolution
		{1B754BF6-7B7F-4215-BF72-E1037C6B09ED} = {F8C09E60-886A-490E-B370-0E1A59A7E59B}
		{2B891663-328E-4918-9892-94F7E3C77A8B} = {F8C09E60-886A-490E-B370-0E1A59A7E59B}
	EndGlobalSection
EndGlobal
