
Microsoft Visual Studio Solution File, Format Version 12.00
# Visual Studio Version 17
VisualStudioVersion = 17.0.31903.59
MinimumVisualStudioVersion = 10.0.40219.1
Project("{2150E333-8FDC-42A3-9474-1A3956D46DE8}") = "src", "src", "{47D286C2-7F5F-4A0A-9DD0-678742332AD8}"
EndProject
Project("{9A19103F-16F7-4668-BE54-9A1E7A4F7556}") = "CodeDesignPlus.Net.xUnit.Microservice", "src\CodeDesignPlus.Net.xUnit.Microservice\CodeDesignPlus.Net.xUnit.Microservice.csproj", "{D7DA5CA5-140F-4125-91CE-CB0144513225}"
EndProject
Project("{2150E333-8FDC-42A3-9474-1A3956D46DE8}") = "tests", "tests", "{EFB948E0-FFDD-442E-BE7C-55081AB3DF65}"
EndProject
Project("{9A19103F-16F7-4668-BE54-9A1E7A4F7556}") = "CodeDesignPlus.Net.xUnit.Microservice.Test", "tests\CodeDesignPlus.Net.xUnit.Microservice.Test\CodeDesignPlus.Net.xUnit.Microservice.Test.csproj", "{4AACB1E5-7957-4DE4-8753-3962E4C81375}"
EndProject
Project("{FAE04EC0-301F-11D3-BF4B-00C04F79EFBC}") = "CodeDesignPlus.Net.xUnit.Microservice.Api", "tests\CodeDesignPlus.Net.xUnit.Microservice.Api\CodeDesignPlus.Net.xUnit.Microservice.Api.csproj", "{203FA62A-6290-45D9-BFEF-2FA7698ADDFA}"
EndProject
Project("{FAE04EC0-301F-11D3-BF4B-00C04F79EFBC}") = "CodeDesignPlus.Net.Microservice.Domain", "tests\CodeDesignPlus.Net.Microservice.Domain\CodeDesignPlus.Net.Microservice.Domain.csproj", "{41149B8A-8E14-45EC-BC7A-B57FC5027B0D}"
EndProject
Global
	GlobalSection(SolutionConfigurationPlatforms) = preSolution
		Debug|Any CPU = Debug|Any CPU
		Release|Any CPU = Release|Any CPU
	EndGlobalSection
	GlobalSection(ProjectConfigurationPlatforms) = postSolution
		{D7DA5CA5-140F-4125-91CE-CB0144513225}.Debug|Any CPU.ActiveCfg = Debug|Any CPU
		{D7DA5CA5-140F-4125-91CE-CB0144513225}.Debug|Any CPU.Build.0 = Debug|Any CPU
		{D7DA5CA5-140F-4125-91CE-CB0144513225}.Release|Any CPU.ActiveCfg = Release|Any CPU
		{D7DA5CA5-140F-4125-91CE-CB0144513225}.Release|Any CPU.Build.0 = Release|Any CPU
		{4AACB1E5-7957-4DE4-8753-3962E4C81375}.Debug|Any CPU.ActiveCfg = Debug|Any CPU
		{4AACB1E5-7957-4DE4-8753-3962E4C81375}.Debug|Any CPU.Build.0 = Debug|Any CPU
		{4AACB1E5-7957-4DE4-8753-3962E4C81375}.Release|Any CPU.ActiveCfg = Release|Any CPU
		{4AACB1E5-7957-4DE4-8753-3962E4C81375}.Release|Any CPU.Build.0 = Release|Any CPU
		{203FA62A-6290-45D9-BFEF-2FA7698ADDFA}.Debug|Any CPU.ActiveCfg = Debug|Any CPU
		{203FA62A-6290-45D9-BFEF-2FA7698ADDFA}.Debug|Any CPU.Build.0 = Debug|Any CPU
		{203FA62A-6290-45D9-BFEF-2FA7698ADDFA}.Release|Any CPU.ActiveCfg = Release|Any CPU
		{203FA62A-6290-45D9-BFEF-2FA7698ADDFA}.Release|Any CPU.Build.0 = Release|Any CPU
		{41149B8A-8E14-45EC-BC7A-B57FC5027B0D}.Debug|Any CPU.ActiveCfg = Debug|Any CPU
		{41149B8A-8E14-45EC-BC7A-B57FC5027B0D}.Debug|Any CPU.Build.0 = Debug|Any CPU
		{41149B8A-8E14-45EC-BC7A-B57FC5027B0D}.Release|Any CPU.ActiveCfg = Release|Any CPU
		{41149B8A-8E14-45EC-BC7A-B57FC5027B0D}.Release|Any CPU.Build.0 = Release|Any CPU
	EndGlobalSection
	GlobalSection(SolutionProperties) = preSolution
		HideSolutionNode = FALSE
	EndGlobalSection
	GlobalSection(NestedProjects) = preSolution
		{D7DA5CA5-140F-4125-91CE-CB0144513225} = {47D286C2-7F5F-4A0A-9DD0-678742332AD8}
		{4AACB1E5-7957-4DE4-8753-3962E4C81375} = {EFB948E0-FFDD-442E-BE7C-55081AB3DF65}
		{203FA62A-6290-45D9-BFEF-2FA7698ADDFA} = {EFB948E0-FFDD-442E-BE7C-55081AB3DF65}
		{41149B8A-8E14-45EC-BC7A-B57FC5027B0D} = {EFB948E0-FFDD-442E-BE7C-55081AB3DF65}
	EndGlobalSection
EndGlobal
