
Microsoft Visual Studio Solution File, Format Version 12.00
# Visual Studio Version 17
VisualStudioVersion = 17.0.31903.59
MinimumVisualStudioVersion = 10.0.40219.1
Project("{2150E333-8FDC-42A3-9474-1A3956D46DE8}") = "src", "src", "{C82E2035-CDF8-48AD-8C57-9FDC83E4129A}"
EndProject
Project("{FAE04EC0-301F-11D3-BF4B-00C04F79EFBC}") = "CodeDesignPlus.Net.Exceptions.Sample", "CodeDesignPlus.Net.Exceptions.Sample\CodeDesignPlus.Net.Exceptions.Sample.csproj", "{D58FD0EA-BDF7-4D7D-A34E-C8DD90989430}"
EndProject
Global
	GlobalSection(SolutionConfigurationPlatforms) = preSolution
		Debug|Any CPU = Debug|Any CPU
		Release|Any CPU = Release|Any CPU
	EndGlobalSection
	GlobalSection(ProjectConfigurationPlatforms) = postSolution
		{D58FD0EA-BDF7-4D7D-A34E-C8DD90989430}.Debug|Any CPU.ActiveCfg = Debug|Any CPU
		{D58FD0EA-BDF7-4D7D-A34E-C8DD90989430}.Debug|Any CPU.Build.0 = Debug|Any CPU
		{D58FD0EA-BDF7-4D7D-A34E-C8DD90989430}.Release|Any CPU.ActiveCfg = Release|Any CPU
		{D58FD0EA-BDF7-4D7D-A34E-C8DD90989430}.Release|Any CPU.Build.0 = Release|Any CPU
	EndGlobalSection
	GlobalSection(SolutionProperties) = preSolution
		HideSolutionNode = FALSE
	EndGlobalSection
	GlobalSection(NestedProjects) = preSolution
		{D58FD0EA-BDF7-4D7D-A34E-C8DD90989430} = {C82E2035-CDF8-48AD-8C57-9FDC83E4129A}
	EndGlobalSection
EndGlobal
