
Microsoft Visual Studio Solution File, Format Version 12.00
# Visual Studio Version 17
VisualStudioVersion = 17.0.31903.59
MinimumVisualStudioVersion = 10.0.40219.1
Project("{2150E333-8FDC-42A3-9474-1A3956D46DE8}") = "src", "src", "{47D286C2-7F5F-4A0A-9DD0-678742332AD8}"
EndProject
Project("{FAE04EC0-301F-11D3-BF4B-00C04F79EFBC}") = "CodeDesignPlus.Net.EFCore", "src\CodeDesignPlus.Net.EFCore\CodeDesignPlus.Net.EFCore.csproj", "{D7DA5CA5-140F-4125-91CE-CB0144513225}"
EndProject
Project("{2150E333-8FDC-42A3-9474-1A3956D46DE8}") = "tests", "tests", "{EFB948E0-FFDD-442E-BE7C-55081AB3DF65}"
EndProject
Project("{FAE04EC0-301F-11D3-BF4B-00C04F79EFBC}") = "CodeDesignPlus.Net.EFCore.Test", "tests\CodeDesignPlus.Net.EFCore.Test\CodeDesignPlus.Net.EFCore.Test.csproj", "{4AACB1E5-7957-4DE4-8753-3962E4C81375}"
EndProject
Project("{FAE04EC0-301F-11D3-BF4B-00C04F79EFBC}") = "CodeDesignPlus.Net.EFCore.Abstractions", "src\CodeDesignPlus.Net.EFCore.Abstractions\CodeDesignPlus.Net.EFCore.Abstractions.csproj", "{69DD4FDE-8279-4E49-A335-13596B0A9D14}"
EndProject
Project("{FAE04EC0-301F-11D3-BF4B-00C04F79EFBC}") = "CodeDesignPlus.Abstractions", "tests\CodeDesignPlus.Abstractions\CodeDesignPlus.Abstractions.csproj", "{83E81812-C3FE-4FBD-AF1F-7F21774A12E9}"
EndProject
Project("{FAE04EC0-301F-11D3-BF4B-00C04F79EFBC}") = "CodeDesignPlus.Entities", "tests\CodeDesignPlus.Entities\CodeDesignPlus.Entities.csproj", "{F780D6F8-BBA0-49CA-8E10-D1CF8D508542}"
EndProject
Project("{FAE04EC0-301F-11D3-BF4B-00C04F79EFBC}") = "CodeDesignPlus.InMemory", "tests\CodeDesignPlus.InMemory\CodeDesignPlus.InMemory.csproj", "{FC63292A-742A-454B-ABE4-8194964CF18F}"
EndProject
Global
	GlobalSection(SolutionConfigurationPlatforms) = preSolution
		Debug|Any CPU = Debug|Any CPU
		Release|Any CPU = Release|Any CPU
	EndGlobalSection
	GlobalSection(SolutionProperties) = preSolution
		HideSolutionNode = FALSE
	EndGlobalSection
	GlobalSection(ProjectConfigurationPlatforms) = postSolution
		{D7DA5CA5-140F-4125-91CE-CB0144513225}.Debug|Any CPU.ActiveCfg = Debug|Any CPU
		{D7DA5CA5-140F-4125-91CE-CB0144513225}.Debug|Any CPU.Build.0 = Debug|Any CPU
		{D7DA5CA5-140F-4125-91CE-CB0144513225}.Release|Any CPU.ActiveCfg = Release|Any CPU
		{D7DA5CA5-140F-4125-91CE-CB0144513225}.Release|Any CPU.Build.0 = Release|Any CPU
		{4AACB1E5-7957-4DE4-8753-3962E4C81375}.Debug|Any CPU.ActiveCfg = Debug|Any CPU
		{4AACB1E5-7957-4DE4-8753-3962E4C81375}.Debug|Any CPU.Build.0 = Debug|Any CPU
		{4AACB1E5-7957-4DE4-8753-3962E4C81375}.Release|Any CPU.ActiveCfg = Release|Any CPU
		{4AACB1E5-7957-4DE4-8753-3962E4C81375}.Release|Any CPU.Build.0 = Release|Any CPU
		{69DD4FDE-8279-4E49-A335-13596B0A9D14}.Debug|Any CPU.ActiveCfg = Debug|Any CPU
		{69DD4FDE-8279-4E49-A335-13596B0A9D14}.Debug|Any CPU.Build.0 = Debug|Any CPU
		{69DD4FDE-8279-4E49-A335-13596B0A9D14}.Release|Any CPU.ActiveCfg = Release|Any CPU
		{69DD4FDE-8279-4E49-A335-13596B0A9D14}.Release|Any CPU.Build.0 = Release|Any CPU
		{83E81812-C3FE-4FBD-AF1F-7F21774A12E9}.Debug|Any CPU.ActiveCfg = Debug|Any CPU
		{83E81812-C3FE-4FBD-AF1F-7F21774A12E9}.Debug|Any CPU.Build.0 = Debug|Any CPU
		{83E81812-C3FE-4FBD-AF1F-7F21774A12E9}.Release|Any CPU.ActiveCfg = Release|Any CPU
		{83E81812-C3FE-4FBD-AF1F-7F21774A12E9}.Release|Any CPU.Build.0 = Release|Any CPU
		{F780D6F8-BBA0-49CA-8E10-D1CF8D508542}.Debug|Any CPU.ActiveCfg = Debug|Any CPU
		{F780D6F8-BBA0-49CA-8E10-D1CF8D508542}.Debug|Any CPU.Build.0 = Debug|Any CPU
		{F780D6F8-BBA0-49CA-8E10-D1CF8D508542}.Release|Any CPU.ActiveCfg = Release|Any CPU
		{F780D6F8-BBA0-49CA-8E10-D1CF8D508542}.Release|Any CPU.Build.0 = Release|Any CPU
		{FC63292A-742A-454B-ABE4-8194964CF18F}.Debug|Any CPU.ActiveCfg = Debug|Any CPU
		{FC63292A-742A-454B-ABE4-8194964CF18F}.Debug|Any CPU.Build.0 = Debug|Any CPU
		{FC63292A-742A-454B-ABE4-8194964CF18F}.Release|Any CPU.ActiveCfg = Release|Any CPU
		{FC63292A-742A-454B-ABE4-8194964CF18F}.Release|Any CPU.Build.0 = Release|Any CPU
	EndGlobalSection
	GlobalSection(NestedProjects) = preSolution
		{D7DA5CA5-140F-4125-91CE-CB0144513225} = {47D286C2-7F5F-4A0A-9DD0-678742332AD8}
		{4AACB1E5-7957-4DE4-8753-3962E4C81375} = {EFB948E0-FFDD-442E-BE7C-55081AB3DF65}
		{69DD4FDE-8279-4E49-A335-13596B0A9D14} = {47D286C2-7F5F-4A0A-9DD0-678742332AD8}
		{83E81812-C3FE-4FBD-AF1F-7F21774A12E9} = {EFB948E0-FFDD-442E-BE7C-55081AB3DF65}
		{F780D6F8-BBA0-49CA-8E10-D1CF8D508542} = {EFB948E0-FFDD-442E-BE7C-55081AB3DF65}
		{FC63292A-742A-454B-ABE4-8194964CF18F} = {EFB948E0-FFDD-442E-BE7C-55081AB3DF65}
	EndGlobalSection
EndGlobal
