
Microsoft Visual Studio Solution File, Format Version 12.00
# Visual Studio Version 17
VisualStudioVersion = 17.0.31903.59
MinimumVisualStudioVersion = 10.0.40219.1
Project("{2150E333-8FDC-42A3-9474-1A3956D46DE8}") = "src", "src", "{E7CFA716-A137-4466-AC90-290C3A8D6C13}"
EndProject
Project("{9A19103F-16F7-4668-BE54-9A1E7A4F7556}") = "CodeDesignPlus.Net.PubSub.Sample", "src\CodeDesignPlus.Net.PubSub.Sample\CodeDesignPlus.Net.PubSub.Sample.csproj", "{1D47C5FA-63E8-481E-84CD-F527440DD8CC}"
EndProject
Global
	GlobalSection(SolutionConfigurationPlatforms) = preSolution
		Debug|Any CPU = Debug|Any CPU
		Release|Any CPU = Release|Any CPU
	EndGlobalSection
	GlobalSection(ProjectConfigurationPlatforms) = postSolution
		{1D47C5FA-63E8-481E-84CD-F527440DD8CC}.Debug|Any CPU.ActiveCfg = Debug|Any CPU
		{1D47C5FA-63E8-481E-84CD-F527440DD8CC}.Debug|Any CPU.Build.0 = Debug|Any CPU
		{1D47C5FA-63E8-481E-84CD-F527440DD8CC}.Release|Any CPU.ActiveCfg = Release|Any CPU
		{1D47C5FA-63E8-481E-84CD-F527440DD8CC}.Release|Any CPU.Build.0 = Release|Any CPU
	EndGlobalSection
	GlobalSection(SolutionProperties) = preSolution
		HideSolutionNode = FALSE
	EndGlobalSection
	GlobalSection(NestedProjects) = preSolution
		{1D47C5FA-63E8-481E-84CD-F527440DD8CC} = {E7CFA716-A137-4466-AC90-290C3A8D6C13}
	EndGlobalSection
EndGlobal
